// !$*UTF8*$!
{
	archiveVersion = 1;
	classes = {
	};
	objectVersion = 46;
	objects = {

/* Begin PBXBuildFile section */
		7901458A1CF7736D00DB7BB6 /* PRPBMenuItemTableViewCell.swift in Sources */ = {isa = PBXBuildFile; fileRef = 790145881CF7736D00DB7BB6 /* PRPBMenuItemTableViewCell.swift */; };
		7901458B1CF7736D00DB7BB6 /* PRPBMenuItemTableViewCell.xib in Resources */ = {isa = PBXBuildFile; fileRef = 790145891CF7736D00DB7BB6 /* PRPBMenuItemTableViewCell.xib */; };
		7901458E1CF793BF00DB7BB6 /* PRPBProtocols.swift in Sources */ = {isa = PBXBuildFile; fileRef = 7901458D1CF793BF00DB7BB6 /* PRPBProtocols.swift */; };
		790145911CF79F5200DB7BB6 /* PRPBOrderItemTableViewCell.swift in Sources */ = {isa = PBXBuildFile; fileRef = 7901458F1CF79F5200DB7BB6 /* PRPBOrderItemTableViewCell.swift */; };
		790145921CF79F5200DB7BB6 /* PRPBOrderItemTableViewCell.xib in Resources */ = {isa = PBXBuildFile; fileRef = 790145901CF79F5200DB7BB6 /* PRPBOrderItemTableViewCell.xib */; };
		791DECE91CF804EA0014E766 /* SwiftyJSON.framework in Frameworks */ = {isa = PBXBuildFile; fileRef = 791DECE81CF804EA0014E766 /* SwiftyJSON.framework */; };
		7939C0B91CFB2A4C00CB401D /* PRPBOrderLogViewController.swift in Sources */ = {isa = PBXBuildFile; fileRef = 7939C0B81CFB2A4C00CB401D /* PRPBOrderLogViewController.swift */; };
		7939C0BB1CFB2D5000CB401D /* PRPBOrderLog.swift in Sources */ = {isa = PBXBuildFile; fileRef = 7939C0BA1CFB2D5000CB401D /* PRPBOrderLog.swift */; };
		7939C0BE1CFB431D00CB401D /* PRPBOrderLogTableViewCell.swift in Sources */ = {isa = PBXBuildFile; fileRef = 7939C0BC1CFB431D00CB401D /* PRPBOrderLogTableViewCell.swift */; };
		7939C0BF1CFB431D00CB401D /* PRPBOrderLogTableViewCell.xib in Resources */ = {isa = PBXBuildFile; fileRef = 7939C0BD1CFB431D00CB401D /* PRPBOrderLogTableViewCell.xib */; };
		793FCE9F1CFD152500759369 /* PRPBOrderConfirmViewController.swift in Sources */ = {isa = PBXBuildFile; fileRef = 793FCE9E1CFD152500759369 /* PRPBOrderConfirmViewController.swift */; };
		795AD3991CF4F404004A27AD /* PRPBMasterViewController.swift in Sources */ = {isa = PBXBuildFile; fileRef = 795AD3981CF4F404004A27AD /* PRPBMasterViewController.swift */; };
		795AD39B1CF53AC2004A27AD /* PRPBOrderDetailViewController.swift in Sources */ = {isa = PBXBuildFile; fileRef = 795AD39A1CF53AC2004A27AD /* PRPBOrderDetailViewController.swift */; };
		795AD39D1CF53D5D004A27AD /* PRPBMenu.swift in Sources */ = {isa = PBXBuildFile; fileRef = 795AD39C1CF53D5D004A27AD /* PRPBMenu.swift */; };
		795AD3A51CF54449004A27AD /* Menu.json in Resources */ = {isa = PBXBuildFile; fileRef = 795AD3A41CF54449004A27AD /* Menu.json */; };
		798EF3D31CF8709A003C7B06 /* ValueCoding.framework in Frameworks */ = {isa = PBXBuildFile; fileRef = 798EF3D21CF8709A003C7B06 /* ValueCoding.framework */; };
		798EF3D51CF8709E003C7B06 /* Money.framework in Frameworks */ = {isa = PBXBuildFile; fileRef = 798EF3D41CF8709E003C7B06 /* Money.framework */; };
		79B63A6E1D02E49800E9FA6F /* PRPBCost.swift in Sources */ = {isa = PBXBuildFile; fileRef = 79B63A6D1D02E49800E9FA6F /* PRPBCost.swift */; };
		79DE71311CF9DF3700520DB7 /* PRPBOrderTableViewController.swift in Sources */ = {isa = PBXBuildFile; fileRef = 79DE71301CF9DF3700520DB7 /* PRPBOrderTableViewController.swift */; };
		79FF25F91CF3C45D00EEBDB2 /* PRPBAppDelegate.swift in Sources */ = {isa = PBXBuildFile; fileRef = 79FF25F81CF3C45D00EEBDB2 /* PRPBAppDelegate.swift */; };
		79FF25FB1CF3C45D00EEBDB2 /* PRPBViewController.swift in Sources */ = {isa = PBXBuildFile; fileRef = 79FF25FA1CF3C45D00EEBDB2 /* PRPBViewController.swift */; };
		79FF25FE1CF3C45D00EEBDB2 /* Main.storyboard in Resources */ = {isa = PBXBuildFile; fileRef = 79FF25FC1CF3C45D00EEBDB2 /* Main.storyboard */; };
		79FF26011CF3C45D00EEBDB2 /* Point_Buddy.xcdatamodeld in Sources */ = {isa = PBXBuildFile; fileRef = 79FF25FF1CF3C45D00EEBDB2 /* Point_Buddy.xcdatamodeld */; };
		79FF26031CF3C45D00EEBDB2 /* Assets.xcassets in Resources */ = {isa = PBXBuildFile; fileRef = 79FF26021CF3C45D00EEBDB2 /* Assets.xcassets */; };
		79FF26061CF3C45D00EEBDB2 /* LaunchScreen.storyboard in Resources */ = {isa = PBXBuildFile; fileRef = 79FF26041CF3C45D00EEBDB2 /* LaunchScreen.storyboard */; };
		79FF26111CF3C45D00EEBDB2 /* Point_BuddyTests.swift in Sources */ = {isa = PBXBuildFile; fileRef = 79FF26101CF3C45D00EEBDB2 /* Point_BuddyTests.swift */; };
		79FF261C1CF3C45D00EEBDB2 /* Point_BuddyUITests.swift in Sources */ = {isa = PBXBuildFile; fileRef = 79FF261B1CF3C45D00EEBDB2 /* Point_BuddyUITests.swift */; };
/* End PBXBuildFile section */

/* Begin PBXContainerItemProxy section */
		79FF260D1CF3C45D00EEBDB2 /* PBXContainerItemProxy */ = {
			isa = PBXContainerItemProxy;
			containerPortal = 79FF25ED1CF3C45C00EEBDB2 /* Project object */;
			proxyType = 1;
			remoteGlobalIDString = 79FF25F41CF3C45C00EEBDB2;
			remoteInfo = "Point Buddy";
		};
		79FF26181CF3C45D00EEBDB2 /* PBXContainerItemProxy */ = {
			isa = PBXContainerItemProxy;
			containerPortal = 79FF25ED1CF3C45C00EEBDB2 /* Project object */;
			proxyType = 1;
			remoteGlobalIDString = 79FF25F41CF3C45C00EEBDB2;
			remoteInfo = "Point Buddy";
		};
/* End PBXContainerItemProxy section */

/* Begin PBXFileReference section */
		790145881CF7736D00DB7BB6 /* PRPBMenuItemTableViewCell.swift */ = {isa = PBXFileReference; fileEncoding = 4; lastKnownFileType = sourcecode.swift; path = PRPBMenuItemTableViewCell.swift; sourceTree = "<group>"; };
		790145891CF7736D00DB7BB6 /* PRPBMenuItemTableViewCell.xib */ = {isa = PBXFileReference; fileEncoding = 4; lastKnownFileType = file.xib; path = PRPBMenuItemTableViewCell.xib; sourceTree = "<group>"; };
		7901458D1CF793BF00DB7BB6 /* PRPBProtocols.swift */ = {isa = PBXFileReference; fileEncoding = 4; lastKnownFileType = sourcecode.swift; path = PRPBProtocols.swift; sourceTree = "<group>"; };
		7901458F1CF79F5200DB7BB6 /* PRPBOrderItemTableViewCell.swift */ = {isa = PBXFileReference; fileEncoding = 4; lastKnownFileType = sourcecode.swift; path = PRPBOrderItemTableViewCell.swift; sourceTree = "<group>"; };
		790145901CF79F5200DB7BB6 /* PRPBOrderItemTableViewCell.xib */ = {isa = PBXFileReference; fileEncoding = 4; lastKnownFileType = file.xib; path = PRPBOrderItemTableViewCell.xib; sourceTree = "<group>"; };
		791DECE81CF804EA0014E766 /* SwiftyJSON.framework */ = {isa = PBXFileReference; lastKnownFileType = wrapper.framework; name = SwiftyJSON.framework; path = Carthage/Build/iOS/SwiftyJSON.framework; sourceTree = "<group>"; };
		7939C0B81CFB2A4C00CB401D /* PRPBOrderLogViewController.swift */ = {isa = PBXFileReference; fileEncoding = 4; lastKnownFileType = sourcecode.swift; path = PRPBOrderLogViewController.swift; sourceTree = "<group>"; };
		7939C0BA1CFB2D5000CB401D /* PRPBOrderLog.swift */ = {isa = PBXFileReference; fileEncoding = 4; lastKnownFileType = sourcecode.swift; path = PRPBOrderLog.swift; sourceTree = "<group>"; };
		7939C0BC1CFB431D00CB401D /* PRPBOrderLogTableViewCell.swift */ = {isa = PBXFileReference; fileEncoding = 4; lastKnownFileType = sourcecode.swift; path = PRPBOrderLogTableViewCell.swift; sourceTree = "<group>"; };
		7939C0BD1CFB431D00CB401D /* PRPBOrderLogTableViewCell.xib */ = {isa = PBXFileReference; fileEncoding = 4; lastKnownFileType = file.xib; path = PRPBOrderLogTableViewCell.xib; sourceTree = "<group>"; };
		793FCE9E1CFD152500759369 /* PRPBOrderConfirmViewController.swift */ = {isa = PBXFileReference; fileEncoding = 4; lastKnownFileType = sourcecode.swift; path = PRPBOrderConfirmViewController.swift; sourceTree = "<group>"; };
		795AD3981CF4F404004A27AD /* PRPBMasterViewController.swift */ = {isa = PBXFileReference; fileEncoding = 4; lastKnownFileType = sourcecode.swift; path = PRPBMasterViewController.swift; sourceTree = "<group>"; };
		795AD39A1CF53AC2004A27AD /* PRPBOrderDetailViewController.swift */ = {isa = PBXFileReference; fileEncoding = 4; lastKnownFileType = sourcecode.swift; path = PRPBOrderDetailViewController.swift; sourceTree = "<group>"; };
		795AD39C1CF53D5D004A27AD /* PRPBMenu.swift */ = {isa = PBXFileReference; fileEncoding = 4; lastKnownFileType = sourcecode.swift; path = PRPBMenu.swift; sourceTree = "<group>"; };
		795AD3A41CF54449004A27AD /* Menu.json */ = {isa = PBXFileReference; fileEncoding = 4; lastKnownFileType = text.json; path = Menu.json; sourceTree = "<group>"; };
		798EF3D21CF8709A003C7B06 /* ValueCoding.framework */ = {isa = PBXFileReference; lastKnownFileType = wrapper.framework; name = ValueCoding.framework; path = Carthage/Build/iOS/ValueCoding.framework; sourceTree = "<group>"; };
		798EF3D41CF8709E003C7B06 /* Money.framework */ = {isa = PBXFileReference; lastKnownFileType = wrapper.framework; name = Money.framework; path = Carthage/Build/iOS/Money.framework; sourceTree = "<group>"; };
		79B63A6D1D02E49800E9FA6F /* PRPBCost.swift */ = {isa = PBXFileReference; fileEncoding = 4; lastKnownFileType = sourcecode.swift; path = PRPBCost.swift; sourceTree = "<group>"; };
		79DE71301CF9DF3700520DB7 /* PRPBOrderTableViewController.swift */ = {isa = PBXFileReference; fileEncoding = 4; lastKnownFileType = sourcecode.swift; path = PRPBOrderTableViewController.swift; sourceTree = "<group>"; };
		79FF25F51CF3C45C00EEBDB2 /* Point Buddy.app */ = {isa = PBXFileReference; explicitFileType = wrapper.application; includeInIndex = 0; path = "Point Buddy.app"; sourceTree = BUILT_PRODUCTS_DIR; };
		79FF25F81CF3C45D00EEBDB2 /* PRPBAppDelegate.swift */ = {isa = PBXFileReference; lastKnownFileType = sourcecode.swift; path = PRPBAppDelegate.swift; sourceTree = "<group>"; };
		79FF25FA1CF3C45D00EEBDB2 /* PRPBViewController.swift */ = {isa = PBXFileReference; lastKnownFileType = sourcecode.swift; path = PRPBViewController.swift; sourceTree = "<group>"; };
		79FF25FD1CF3C45D00EEBDB2 /* Base */ = {isa = PBXFileReference; lastKnownFileType = file.storyboard; name = Base; path = Base.lproj/Main.storyboard; sourceTree = "<group>"; };
		79FF26001CF3C45D00EEBDB2 /* Point_Buddy.xcdatamodel */ = {isa = PBXFileReference; lastKnownFileType = wrapper.xcdatamodel; path = Point_Buddy.xcdatamodel; sourceTree = "<group>"; };
		79FF26021CF3C45D00EEBDB2 /* Assets.xcassets */ = {isa = PBXFileReference; lastKnownFileType = folder.assetcatalog; path = Assets.xcassets; sourceTree = "<group>"; };
		79FF26051CF3C45D00EEBDB2 /* Base */ = {isa = PBXFileReference; lastKnownFileType = file.storyboard; name = Base; path = Base.lproj/LaunchScreen.storyboard; sourceTree = "<group>"; };
		79FF26071CF3C45D00EEBDB2 /* Info.plist */ = {isa = PBXFileReference; lastKnownFileType = text.plist.xml; path = Info.plist; sourceTree = "<group>"; };
		79FF260C1CF3C45D00EEBDB2 /* Point BuddyTests.xctest */ = {isa = PBXFileReference; explicitFileType = wrapper.cfbundle; includeInIndex = 0; path = "Point BuddyTests.xctest"; sourceTree = BUILT_PRODUCTS_DIR; };
		79FF26101CF3C45D00EEBDB2 /* Point_BuddyTests.swift */ = {isa = PBXFileReference; lastKnownFileType = sourcecode.swift; path = Point_BuddyTests.swift; sourceTree = "<group>"; };
		79FF26121CF3C45D00EEBDB2 /* Info.plist */ = {isa = PBXFileReference; lastKnownFileType = text.plist.xml; path = Info.plist; sourceTree = "<group>"; };
		79FF26171CF3C45D00EEBDB2 /* Point BuddyUITests.xctest */ = {isa = PBXFileReference; explicitFileType = wrapper.cfbundle; includeInIndex = 0; path = "Point BuddyUITests.xctest"; sourceTree = BUILT_PRODUCTS_DIR; };
		79FF261B1CF3C45D00EEBDB2 /* Point_BuddyUITests.swift */ = {isa = PBXFileReference; lastKnownFileType = sourcecode.swift; path = Point_BuddyUITests.swift; sourceTree = "<group>"; };
		79FF261D1CF3C45D00EEBDB2 /* Info.plist */ = {isa = PBXFileReference; lastKnownFileType = text.plist.xml; path = Info.plist; sourceTree = "<group>"; };
/* End PBXFileReference section */

/* Begin PBXFrameworksBuildPhase section */
		79FF25F21CF3C45C00EEBDB2 /* Frameworks */ = {
			isa = PBXFrameworksBuildPhase;
			buildActionMask = 2147483647;
			files = (
				791DECE91CF804EA0014E766 /* SwiftyJSON.framework in Frameworks */,
				798EF3D31CF8709A003C7B06 /* ValueCoding.framework in Frameworks */,
				798EF3D51CF8709E003C7B06 /* Money.framework in Frameworks */,
			);
			runOnlyForDeploymentPostprocessing = 0;
		};
		79FF26091CF3C45D00EEBDB2 /* Frameworks */ = {
			isa = PBXFrameworksBuildPhase;
			buildActionMask = 2147483647;
			files = (
			);
			runOnlyForDeploymentPostprocessing = 0;
		};
		79FF26141CF3C45D00EEBDB2 /* Frameworks */ = {
			isa = PBXFrameworksBuildPhase;
			buildActionMask = 2147483647;
			files = (
			);
			runOnlyForDeploymentPostprocessing = 0;
		};
/* End PBXFrameworksBuildPhase section */

/* Begin PBXGroup section */
		790145871CF76F4700DB7BB6 /* Views */ = {
			isa = PBXGroup;
			children = (
				790145881CF7736D00DB7BB6 /* PRPBMenuItemTableViewCell.swift */,
				790145891CF7736D00DB7BB6 /* PRPBMenuItemTableViewCell.xib */,
				7901458F1CF79F5200DB7BB6 /* PRPBOrderItemTableViewCell.swift */,
				790145901CF79F5200DB7BB6 /* PRPBOrderItemTableViewCell.xib */,
				7939C0BC1CFB431D00CB401D /* PRPBOrderLogTableViewCell.swift */,
				7939C0BD1CFB431D00CB401D /* PRPBOrderLogTableViewCell.xib */,
			);
			name = Views;
			sourceTree = "<group>";
		};
		7901458C1CF7939D00DB7BB6 /* PRPBProtocols */ = {
			isa = PBXGroup;
			children = (
				7901458D1CF793BF00DB7BB6 /* PRPBProtocols.swift */,
			);
			name = PRPBProtocols;
			sourceTree = "<group>";
		};
		795AD39E1CF53D69004A27AD /* ViewControllers */ = {
			isa = PBXGroup;
			children = (
				79DE71301CF9DF3700520DB7 /* PRPBOrderTableViewController.swift */,
				795AD39A1CF53AC2004A27AD /* PRPBOrderDetailViewController.swift */,
				79FF25FA1CF3C45D00EEBDB2 /* PRPBViewController.swift */,
				795AD3981CF4F404004A27AD /* PRPBMasterViewController.swift */,
				7939C0B81CFB2A4C00CB401D /* PRPBOrderLogViewController.swift */,
				793FCE9E1CFD152500759369 /* PRPBOrderConfirmViewController.swift */,
			);
			name = ViewControllers;
			sourceTree = "<group>";
		};
		795AD39F1CF53D88004A27AD /* Storyboards */ = {
			isa = PBXGroup;
			children = (
				79FF26041CF3C45D00EEBDB2 /* LaunchScreen.storyboard */,
				79FF25FC1CF3C45D00EEBDB2 /* Main.storyboard */,
			);
			name = Storyboards;
			sourceTree = "<group>";
		};
		795AD3A21CF53DB6004A27AD /* Model */ = {
			isa = PBXGroup;
			children = (
				79FF25FF1CF3C45D00EEBDB2 /* Point_Buddy.xcdatamodeld */,
				795AD39C1CF53D5D004A27AD /* PRPBMenu.swift */,
				7939C0BA1CFB2D5000CB401D /* PRPBOrderLog.swift */,
				79B63A6D1D02E49800E9FA6F /* PRPBCost.swift */,
			);
			name = Model;
			sourceTree = "<group>";
		};
		795AD3A31CF53DD7004A27AD /* Config */ = {
			isa = PBXGroup;
			children = (
				79FF26071CF3C45D00EEBDB2 /* Info.plist */,
				795AD3A41CF54449004A27AD /* Menu.json */,
			);
			name = Config;
			sourceTree = "<group>";
		};
		79FF25EC1CF3C45C00EEBDB2 = {
			isa = PBXGroup;
			children = (
				798EF3D41CF8709E003C7B06 /* Money.framework */,
				798EF3D21CF8709A003C7B06 /* ValueCoding.framework */,
				791DECE81CF804EA0014E766 /* SwiftyJSON.framework */,
				79FF25F71CF3C45D00EEBDB2 /* Point Buddy */,
				79FF260F1CF3C45D00EEBDB2 /* Point BuddyTests */,
				79FF261A1CF3C45D00EEBDB2 /* Point BuddyUITests */,
				79FF25F61CF3C45C00EEBDB2 /* Products */,
			);
			sourceTree = "<group>";
		};
		79FF25F61CF3C45C00EEBDB2 /* Products */ = {
			isa = PBXGroup;
			children = (
				79FF25F51CF3C45C00EEBDB2 /* Point Buddy.app */,
				79FF260C1CF3C45D00EEBDB2 /* Point BuddyTests.xctest */,
				79FF26171CF3C45D00EEBDB2 /* Point BuddyUITests.xctest */,
			);
			name = Products;
			sourceTree = "<group>";
		};
		79FF25F71CF3C45D00EEBDB2 /* Point Buddy */ = {
			isa = PBXGroup;
			children = (
				79FF25F81CF3C45D00EEBDB2 /* PRPBAppDelegate.swift */,
				795AD3A21CF53DB6004A27AD /* Model */,
				790145871CF76F4700DB7BB6 /* Views */,
				795AD39E1CF53D69004A27AD /* ViewControllers */,
				7901458C1CF7939D00DB7BB6 /* PRPBProtocols */,
				795AD39F1CF53D88004A27AD /* Storyboards */,
				795AD3A31CF53DD7004A27AD /* Config */,
				79FF26021CF3C45D00EEBDB2 /* Assets.xcassets */,
			);
			path = "Point Buddy";
			sourceTree = "<group>";
		};
		79FF260F1CF3C45D00EEBDB2 /* Point BuddyTests */ = {
			isa = PBXGroup;
			children = (
				79FF26101CF3C45D00EEBDB2 /* Point_BuddyTests.swift */,
				79FF26121CF3C45D00EEBDB2 /* Info.plist */,
			);
			path = "Point BuddyTests";
			sourceTree = "<group>";
		};
		79FF261A1CF3C45D00EEBDB2 /* Point BuddyUITests */ = {
			isa = PBXGroup;
			children = (
				79FF261B1CF3C45D00EEBDB2 /* Point_BuddyUITests.swift */,
				79FF261D1CF3C45D00EEBDB2 /* Info.plist */,
			);
			path = "Point BuddyUITests";
			sourceTree = "<group>";
		};
/* End PBXGroup section */

/* Begin PBXNativeTarget section */
		79FF25F41CF3C45C00EEBDB2 /* Point Buddy */ = {
			isa = PBXNativeTarget;
			buildConfigurationList = 79FF26201CF3C45D00EEBDB2 /* Build configuration list for PBXNativeTarget "Point Buddy" */;
			buildPhases = (
				79FF25F11CF3C45C00EEBDB2 /* Sources */,
				79FF25F21CF3C45C00EEBDB2 /* Frameworks */,
				79FF25F31CF3C45C00EEBDB2 /* Resources */,
				795AD3A81CF54C71004A27AD /* ShellScript */,
			);
			buildRules = (
			);
			dependencies = (
			);
			name = "Point Buddy";
			productName = "Point Buddy";
			productReference = 79FF25F51CF3C45C00EEBDB2 /* Point Buddy.app */;
			productType = "com.apple.product-type.application";
		};
		79FF260B1CF3C45D00EEBDB2 /* Point BuddyTests */ = {
			isa = PBXNativeTarget;
			buildConfigurationList = 79FF26231CF3C45D00EEBDB2 /* Build configuration list for PBXNativeTarget "Point BuddyTests" */;
			buildPhases = (
				79FF26081CF3C45D00EEBDB2 /* Sources */,
				79FF26091CF3C45D00EEBDB2 /* Frameworks */,
				79FF260A1CF3C45D00EEBDB2 /* Resources */,
			);
			buildRules = (
			);
			dependencies = (
				79FF260E1CF3C45D00EEBDB2 /* PBXTargetDependency */,
			);
			name = "Point BuddyTests";
			productName = "Point BuddyTests";
			productReference = 79FF260C1CF3C45D00EEBDB2 /* Point BuddyTests.xctest */;
			productType = "com.apple.product-type.bundle.unit-test";
		};
		79FF26161CF3C45D00EEBDB2 /* Point BuddyUITests */ = {
			isa = PBXNativeTarget;
			buildConfigurationList = 79FF26261CF3C45D00EEBDB2 /* Build configuration list for PBXNativeTarget "Point BuddyUITests" */;
			buildPhases = (
				79FF26131CF3C45D00EEBDB2 /* Sources */,
				79FF26141CF3C45D00EEBDB2 /* Frameworks */,
				79FF26151CF3C45D00EEBDB2 /* Resources */,
			);
			buildRules = (
			);
			dependencies = (
				79FF26191CF3C45D00EEBDB2 /* PBXTargetDependency */,
			);
			name = "Point BuddyUITests";
			productName = "Point BuddyUITests";
			productReference = 79FF26171CF3C45D00EEBDB2 /* Point BuddyUITests.xctest */;
			productType = "com.apple.product-type.bundle.ui-testing";
		};
/* End PBXNativeTarget section */

/* Begin PBXProject section */
		79FF25ED1CF3C45C00EEBDB2 /* Project object */ = {
			isa = PBXProject;
			attributes = {
				LastSwiftUpdateCheck = 0730;
				LastUpgradeCheck = 0730;
				ORGANIZATIONNAME = tuptake;
				TargetAttributes = {
					79FF25F41CF3C45C00EEBDB2 = {
						CreatedOnToolsVersion = 7.3.1;
						DevelopmentTeam = HW7KXG8JJS;
					};
					79FF260B1CF3C45D00EEBDB2 = {
						CreatedOnToolsVersion = 7.3.1;
						TestTargetID = 79FF25F41CF3C45C00EEBDB2;
					};
					79FF26161CF3C45D00EEBDB2 = {
						CreatedOnToolsVersion = 7.3.1;
						TestTargetID = 79FF25F41CF3C45C00EEBDB2;
					};
				};
			};
			buildConfigurationList = 79FF25F01CF3C45C00EEBDB2 /* Build configuration list for PBXProject "Point Buddy" */;
			compatibilityVersion = "Xcode 3.2";
			developmentRegion = English;
			hasScannedForEncodings = 0;
			knownRegions = (
				en,
				Base,
			);
			mainGroup = 79FF25EC1CF3C45C00EEBDB2;
			productRefGroup = 79FF25F61CF3C45C00EEBDB2 /* Products */;
			projectDirPath = "";
			projectRoot = "";
			targets = (
				79FF25F41CF3C45C00EEBDB2 /* Point Buddy */,
				79FF260B1CF3C45D00EEBDB2 /* Point BuddyTests */,
				79FF26161CF3C45D00EEBDB2 /* Point BuddyUITests */,
			);
		};
/* End PBXProject section */

/* Begin PBXResourcesBuildPhase section */
		79FF25F31CF3C45C00EEBDB2 /* Resources */ = {
			isa = PBXResourcesBuildPhase;
			buildActionMask = 2147483647;
			files = (
				7939C0BF1CFB431D00CB401D /* PRPBOrderLogTableViewCell.xib in Resources */,
				7901458B1CF7736D00DB7BB6 /* PRPBMenuItemTableViewCell.xib in Resources */,
				790145921CF79F5200DB7BB6 /* PRPBOrderItemTableViewCell.xib in Resources */,
				79FF26061CF3C45D00EEBDB2 /* LaunchScreen.storyboard in Resources */,
				79FF26031CF3C45D00EEBDB2 /* Assets.xcassets in Resources */,
				795AD3A51CF54449004A27AD /* Menu.json in Resources */,
				79FF25FE1CF3C45D00EEBDB2 /* Main.storyboard in Resources */,
			);
			runOnlyForDeploymentPostprocessing = 0;
		};
		79FF260A1CF3C45D00EEBDB2 /* Resources */ = {
			isa = PBXResourcesBuildPhase;
			buildActionMask = 2147483647;
			files = (
			);
			runOnlyForDeploymentPostprocessing = 0;
		};
		79FF26151CF3C45D00EEBDB2 /* Resources */ = {
			isa = PBXResourcesBuildPhase;
			buildActionMask = 2147483647;
			files = (
			);
			runOnlyForDeploymentPostprocessing = 0;
		};
/* End PBXResourcesBuildPhase section */

/* Begin PBXShellScriptBuildPhase section */
		795AD3A81CF54C71004A27AD /* ShellScript */ = {
			isa = PBXShellScriptBuildPhase;
			buildActionMask = 12;
			files = (
			);
			inputPaths = (
				"$(SRCROOT)/Carthage/Build/iOS/SwiftyJSON.framework",
				"$(SRCROOT)/Carthage/Build/iOS/ValueCoding.framework",
				"$(SRCROOT)/Carthage/Build/iOS/Money.framework",
			);
			outputPaths = (
			);
			runOnlyForDeploymentPostprocessing = 0;
			shellPath = /bin/sh;
			shellScript = "/usr/local/bin/carthage copy-frameworks";
		};
/* End PBXShellScriptBuildPhase section */

/* Begin PBXSourcesBuildPhase section */
		79FF25F11CF3C45C00EEBDB2 /* Sources */ = {
			isa = PBXSourcesBuildPhase;
			buildActionMask = 2147483647;
			files = (
				793FCE9F1CFD152500759369 /* PRPBOrderConfirmViewController.swift in Sources */,
				7939C0B91CFB2A4C00CB401D /* PRPBOrderLogViewController.swift in Sources */,
				795AD3991CF4F404004A27AD /* PRPBMasterViewController.swift in Sources */,
				79B63A6E1D02E49800E9FA6F /* PRPBCost.swift in Sources */,
				79FF25FB1CF3C45D00EEBDB2 /* PRPBViewController.swift in Sources */,
				790145911CF79F5200DB7BB6 /* PRPBOrderItemTableViewCell.swift in Sources */,
				79FF25F91CF3C45D00EEBDB2 /* PRPBAppDelegate.swift in Sources */,
				7939C0BE1CFB431D00CB401D /* PRPBOrderLogTableViewCell.swift in Sources */,
				79DE71311CF9DF3700520DB7 /* PRPBOrderTableViewController.swift in Sources */,
				79FF26011CF3C45D00EEBDB2 /* Point_Buddy.xcdatamodeld in Sources */,
				7939C0BB1CFB2D5000CB401D /* PRPBOrderLog.swift in Sources */,
				795AD39D1CF53D5D004A27AD /* PRPBMenu.swift in Sources */,
				7901458A1CF7736D00DB7BB6 /* PRPBMenuItemTableViewCell.swift in Sources */,
				795AD39B1CF53AC2004A27AD /* PRPBOrderDetailViewController.swift in Sources */,
				7901458E1CF793BF00DB7BB6 /* PRPBProtocols.swift in Sources */,
			);
			runOnlyForDeploymentPostprocessing = 0;
		};
		79FF26081CF3C45D00EEBDB2 /* Sources */ = {
			isa = PBXSourcesBuildPhase;
			buildActionMask = 2147483647;
			files = (
				79FF26111CF3C45D00EEBDB2 /* Point_BuddyTests.swift in Sources */,
			);
			runOnlyForDeploymentPostprocessing = 0;
		};
		79FF26131CF3C45D00EEBDB2 /* Sources */ = {
			isa = PBXSourcesBuildPhase;
			buildActionMask = 2147483647;
			files = (
				79FF261C1CF3C45D00EEBDB2 /* Point_BuddyUITests.swift in Sources */,
			);
			runOnlyForDeploymentPostprocessing = 0;
		};
/* End PBXSourcesBuildPhase section */

/* Begin PBXTargetDependency section */
		79FF260E1CF3C45D00EEBDB2 /* PBXTargetDependency */ = {
			isa = PBXTargetDependency;
			target = 79FF25F41CF3C45C00EEBDB2 /* Point Buddy */;
			targetProxy = 79FF260D1CF3C45D00EEBDB2 /* PBXContainerItemProxy */;
		};
		79FF26191CF3C45D00EEBDB2 /* PBXTargetDependency */ = {
			isa = PBXTargetDependency;
			target = 79FF25F41CF3C45C00EEBDB2 /* Point Buddy */;
			targetProxy = 79FF26181CF3C45D00EEBDB2 /* PBXContainerItemProxy */;
		};
/* End PBXTargetDependency section */

/* Begin PBXVariantGroup section */
		79FF25FC1CF3C45D00EEBDB2 /* Main.storyboard */ = {
			isa = PBXVariantGroup;
			children = (
				79FF25FD1CF3C45D00EEBDB2 /* Base */,
			);
			name = Main.storyboard;
			sourceTree = "<group>";
		};
		79FF26041CF3C45D00EEBDB2 /* LaunchScreen.storyboard */ = {
			isa = PBXVariantGroup;
			children = (
				79FF26051CF3C45D00EEBDB2 /* Base */,
			);
			name = LaunchScreen.storyboard;
			sourceTree = "<group>";
		};
/* End PBXVariantGroup section */

/* Begin XCBuildConfiguration section */
		79FF261E1CF3C45D00EEBDB2 /* Debug */ = {
			isa = XCBuildConfiguration;
			buildSettings = {
				ALWAYS_SEARCH_USER_PATHS = NO;
				CLANG_ANALYZER_NONNULL = YES;
				CLANG_CXX_LANGUAGE_STANDARD = "gnu++0x";
				CLANG_CXX_LIBRARY = "libc++";
				CLANG_ENABLE_MODULES = YES;
				CLANG_ENABLE_OBJC_ARC = YES;
				CLANG_WARN_BOOL_CONVERSION = YES;
				CLANG_WARN_CONSTANT_CONVERSION = YES;
				CLANG_WARN_DIRECT_OBJC_ISA_USAGE = YES_ERROR;
				CLANG_WARN_EMPTY_BODY = YES;
				CLANG_WARN_ENUM_CONVERSION = YES;
				CLANG_WARN_INT_CONVERSION = YES;
				CLANG_WARN_OBJC_ROOT_CLASS = YES_ERROR;
				CLANG_WARN_UNREACHABLE_CODE = YES;
				CLANG_WARN__DUPLICATE_METHOD_MATCH = YES;
				"CODE_SIGN_IDENTITY[sdk=iphoneos*]" = "iPhone Developer";
				COPY_PHASE_STRIP = NO;
				DEBUG_INFORMATION_FORMAT = dwarf;
				ENABLE_STRICT_OBJC_MSGSEND = YES;
				ENABLE_TESTABILITY = YES;
				GCC_C_LANGUAGE_STANDARD = gnu99;
				GCC_DYNAMIC_NO_PIC = NO;
				GCC_NO_COMMON_BLOCKS = YES;
				GCC_OPTIMIZATION_LEVEL = 0;
				GCC_PREPROCESSOR_DEFINITIONS = (
					"DEBUG=1",
					"$(inherited)",
				);
				GCC_WARN_64_TO_32_BIT_CONVERSION = YES;
				GCC_WARN_ABOUT_RETURN_TYPE = YES_ERROR;
				GCC_WARN_UNDECLARED_SELECTOR = YES;
				GCC_WARN_UNINITIALIZED_AUTOS = YES_AGGRESSIVE;
				GCC_WARN_UNUSED_FUNCTION = YES;
				GCC_WARN_UNUSED_VARIABLE = YES;
				IPHONEOS_DEPLOYMENT_TARGET = 9.1;
				MTL_ENABLE_DEBUG_INFO = YES;
				ONLY_ACTIVE_ARCH = YES;
				SDKROOT = iphoneos;
				SWIFT_OPTIMIZATION_LEVEL = "-Onone";
				TARGETED_DEVICE_FAMILY = "1,2";
			};
			name = Debug;
		};
		79FF261F1CF3C45D00EEBDB2 /* Release */ = {
			isa = XCBuildConfiguration;
			buildSettings = {
				ALWAYS_SEARCH_USER_PATHS = NO;
				CLANG_ANALYZER_NONNULL = YES;
				CLANG_CXX_LANGUAGE_STANDARD = "gnu++0x";
				CLANG_CXX_LIBRARY = "libc++";
				CLANG_ENABLE_MODULES = YES;
				CLANG_ENABLE_OBJC_ARC = YES;
				CLANG_WARN_BOOL_CONVERSION = YES;
				CLANG_WARN_CONSTANT_CONVERSION = YES;
				CLANG_WARN_DIRECT_OBJC_ISA_USAGE = YES_ERROR;
				CLANG_WARN_EMPTY_BODY = YES;
				CLANG_WARN_ENUM_CONVERSION = YES;
				CLANG_WARN_INT_CONVERSION = YES;
				CLANG_WARN_OBJC_ROOT_CLASS = YES_ERROR;
				CLANG_WARN_UNREACHABLE_CODE = YES;
				CLANG_WARN__DUPLICATE_METHOD_MATCH = YES;
				"CODE_SIGN_IDENTITY[sdk=iphoneos*]" = "iPhone Developer";
				COPY_PHASE_STRIP = NO;
				DEBUG_INFORMATION_FORMAT = "dwarf-with-dsym";
				ENABLE_NS_ASSERTIONS = NO;
				ENABLE_STRICT_OBJC_MSGSEND = YES;
				GCC_C_LANGUAGE_STANDARD = gnu99;
				GCC_NO_COMMON_BLOCKS = YES;
				GCC_WARN_64_TO_32_BIT_CONVERSION = YES;
				GCC_WARN_ABOUT_RETURN_TYPE = YES_ERROR;
				GCC_WARN_UNDECLARED_SELECTOR = YES;
				GCC_WARN_UNINITIALIZED_AUTOS = YES_AGGRESSIVE;
				GCC_WARN_UNUSED_FUNCTION = YES;
				GCC_WARN_UNUSED_VARIABLE = YES;
				IPHONEOS_DEPLOYMENT_TARGET = 9.1;
				MTL_ENABLE_DEBUG_INFO = NO;
				SDKROOT = iphoneos;
				TARGETED_DEVICE_FAMILY = "1,2";
				VALIDATE_PRODUCT = YES;
			};
			name = Release;
		};
		79FF26211CF3C45D00EEBDB2 /* Debug */ = {
			isa = XCBuildConfiguration;
			buildSettings = {
				ASSETCATALOG_COMPILER_APPICON_NAME = AppIcon;
				CODE_SIGN_IDENTITY = "iPhone Developer";
				"CODE_SIGN_IDENTITY[sdk=iphoneos*]" = "iPhone Developer";
				FRAMEWORK_SEARCH_PATHS = (
					"$(inherited)",
					"$(PROJECT_DIR)/Carthage/Build/iOS",
					"$(SRCROOT)/Carthage/Build/iOS",
				);
				INFOPLIST_FILE = "Point Buddy/Info.plist";
				LD_RUNPATH_SEARCH_PATHS = "$(inherited) @executable_path/Frameworks";
				PRODUCT_BUNDLE_IDENTIFIER = "com.tuptakemedia.Point-Buddy";
				PRODUCT_NAME = "$(TARGET_NAME)";
				PROVISIONING_PROFILE = "";
			};
			name = Debug;
		};
		79FF26221CF3C45D00EEBDB2 /* Release */ = {
			isa = XCBuildConfiguration;
			buildSettings = {
				ASSETCATALOG_COMPILER_APPICON_NAME = AppIcon;
				CODE_SIGN_IDENTITY = "iPhone Developer";
				"CODE_SIGN_IDENTITY[sdk=iphoneos*]" = "iPhone Developer";
				FRAMEWORK_SEARCH_PATHS = (
					"$(inherited)",
					"$(PROJECT_DIR)/Carthage/Build/iOS",
					"$(SRCROOT)/Carthage/Build/iOS",
				);
				INFOPLIST_FILE = "Point Buddy/Info.plist";
				LD_RUNPATH_SEARCH_PATHS = "$(inherited) @executable_path/Frameworks";
				PRODUCT_BUNDLE_IDENTIFIER = "com.tuptakemedia.Point-Buddy";
				PRODUCT_NAME = "$(TARGET_NAME)";
				PROVISIONING_PROFILE = "";
			};
			name = Release;
		};
		79FF26241CF3C45D00EEBDB2 /* Debug */ = {
			isa = XCBuildConfiguration;
			buildSettings = {
				BUNDLE_LOADER = "$(TEST_HOST)";
				INFOPLIST_FILE = "Point BuddyTests/Info.plist";
				LD_RUNPATH_SEARCH_PATHS = "$(inherited) @executable_path/Frameworks @loader_path/Frameworks";
				PRODUCT_BUNDLE_IDENTIFIER = "com.tuptakemedia.Point-BuddyTests";
				PRODUCT_NAME = "$(TARGET_NAME)";
				TEST_HOST = "$(BUILT_PRODUCTS_DIR)/Point Buddy.app/Point Buddy";
			};
			name = Debug;
		};
		79FF26251CF3C45D00EEBDB2 /* Release */ = {
			isa = XCBuildConfiguration;
			buildSettings = {
				BUNDLE_LOADER = "$(TEST_HOST)";
				INFOPLIST_FILE = "Point BuddyTests/Info.plist";
				LD_RUNPATH_SEARCH_PATHS = "$(inherited) @executable_path/Frameworks @loader_path/Frameworks";
				PRODUCT_BUNDLE_IDENTIFIER = "com.tuptakemedia.Point-BuddyTests";
				PRODUCT_NAME = "$(TARGET_NAME)";
				TEST_HOST = "$(BUILT_PRODUCTS_DIR)/Point Buddy.app/Point Buddy";
			};
			name = Release;
		};
		79FF26271CF3C45D00EEBDB2 /* Debug */ = {
			isa = XCBuildConfiguration;
			buildSettings = {
				INFOPLIST_FILE = "Point BuddyUITests/Info.plist";
				LD_RUNPATH_SEARCH_PATHS = "$(inherited) @executable_path/Frameworks @loader_path/Frameworks";
				PRODUCT_BUNDLE_IDENTIFIER = "com.tuptakemedia.Point-BuddyUITests";
				PRODUCT_NAME = "$(TARGET_NAME)";
				TEST_TARGET_NAME = "Point Buddy";
			};
			name = Debug;
		};
		79FF26281CF3C45D00EEBDB2 /* Release */ = {
			isa = XCBuildConfiguration;
			buildSettings = {
				INFOPLIST_FILE = "Point BuddyUITests/Info.plist";
				LD_RUNPATH_SEARCH_PATHS = "$(inherited) @executable_path/Frameworks @loader_path/Frameworks";
				PRODUCT_BUNDLE_IDENTIFIER = "com.tuptakemedia.Point-BuddyUITests";
				PRODUCT_NAME = "$(TARGET_NAME)";
				TEST_TARGET_NAME = "Point Buddy";
			};
			name = Release;
		};
/* End XCBuildConfiguration section */

/* Begin XCConfigurationList section */
		79FF25F01CF3C45C00EEBDB2 /* Build configuration list for PBXProject "Point Buddy" */ = {
			isa = XCConfigurationList;
			buildConfigurations = (
				79FF261E1CF3C45D00EEBDB2 /* Debug */,
				79FF261F1CF3C45D00EEBDB2 /* Release */,
			);
			defaultConfigurationIsVisible = 0;
			defaultConfigurationName = Release;
		};
		79FF26201CF3C45D00EEBDB2 /* Build configuration list for PBXNativeTarget "Point Buddy" */ = {
			isa = XCConfigurationList;
			buildConfigurations = (
				79FF26211CF3C45D00EEBDB2 /* Debug */,
				79FF26221CF3C45D00EEBDB2 /* Release */,
			);
			defaultConfigurationIsVisible = 0;
			defaultConfigurationName = Release;
		};
		79FF26231CF3C45D00EEBDB2 /* Build configuration list for PBXNativeTarget "Point BuddyTests" */ = {
			isa = XCConfigurationList;
			buildConfigurations = (
				79FF26241CF3C45D00EEBDB2 /* Debug */,
				79FF26251CF3C45D00EEBDB2 /* Release */,
			);
			defaultConfigurationIsVisible = 0;
			defaultConfigurationName = Release;
		};
		79FF26261CF3C45D00EEBDB2 /* Build configuration list for PBXNativeTarget "Point BuddyUITests" */ = {
			isa = XCConfigurationList;
			buildConfigurations = (
				79FF26271CF3C45D00EEBDB2 /* Debug */,
				79FF26281CF3C45D00EEBDB2 /* Release */,
			);
			defaultConfigurationIsVisible = 0;
			defaultConfigurationName = Release;
		};
/* End XCConfigurationList section */

/* Begin XCVersionGroup section */
		79FF25FF1CF3C45D00EEBDB2 /* Point_Buddy.xcdatamodeld */ = {
			isa = XCVersionGroup;
			children = (
				79FF26001CF3C45D00EEBDB2 /* Point_Buddy.xcdatamodel */,
			);
			currentVersion = 79FF26001CF3C45D00EEBDB2 /* Point_Buddy.xcdatamodel */;
			path = Point_Buddy.xcdatamodeld;
			sourceTree = "<group>";
			versionGroupType = wrapper.xcdatamodel;
		};
/* End XCVersionGroup section */
	};
	rootObject = 79FF25ED1CF3C45C00EEBDB2 /* Project object */;
}
